
Microsoft Visual Studio Solution File, Format Version 12.00
# Visual Studio 2012
Project("{FAE04EC0-301F-11D3-BF4B-00C04F79EFBC}") = "Roster", "Roster\Roster.csproj", "{D330FB5D-5065-4C4D-B1C1-247CAB2FC01A}"
EndProject
Global
	GlobalSection(SolutionConfigurationPlatforms) = preSolution
		Debug|Any CPU = Debug|Any CPU
		Release|Any CPU = Release|Any CPU
	EndGlobalSection
	GlobalSection(ProjectConfigurationPlatforms) = postSolution
		{D330FB5D-5065-4C4D-B1C1-247CAB2FC01A}.Debug|Any CPU.ActiveCfg = Debug|Any CPU
		{D330FB5D-5065-4C4D-B1C1-247CAB2FC01A}.Debug|Any CPU.Build.0 = Debug|Any CPU
		{D330FB5D-5065-4C4D-B1C1-247CAB2FC01A}.Release|Any CPU.ActiveCfg = Release|Any CPU
		{D330FB5D-5065-4C4D-B1C1-247CAB2FC01A}.Release|Any CPU.Build.0 = Release|Any CPU
	EndGlobalSection
	GlobalSection(SolutionProperties) = preSolution
		HideSolutionNode = FALSE
	EndGlobalSection
EndGlobal
